<?xml version="1.0" encoding="utf-8"?>
<Project ToolsVersion="12.0" xmlns="http://schemas.microsoft.com/developer/msbuild/2003">
  <ItemGroup>
    <ClCompile Include="$(MSBuildThisFileDirectory)src\VehicleController.cpp" />
    <ClCompile Include="$(MSBuildThisFileDirectory)src\VehiclePIController.cpp" />
    <ClCompile Include="$(MSBuildThisFileDirectory)src\MecanumOdometer.cpp" />
    <ClCompile Include="$(MSBuildThisFileDirectory)src\MecanumKinematics.cpp" />
  </ItemGroup>
  <ItemGroup>
    <ClInclude Include="$(MSBuildThisFileDirectory)src\VehicleController.h" />
    <ClInclude Include="$(MSBuildThisFileDirectory)src\VehiclePIController.h" />
    <ClInclude Include="$(MSBuildThisFileDirectory)src\MecanumOdometer.h" />
    <ClInclude Include="$(MSBuildThisFileDirectory)src\VehicleControlConfig.h" />
    <ClInclude Include="$(MSBuildThisFileDirectory)src\MecanumKinematics.h" />
  </ItemGroup>
</Project>