
Microsoft Visual Studio Solution File, Format Version 12.00
# Visual Studio Version 18
VisualStudioVersion = 18.7.11925.98 stable
MinimumVisualStudioVersion = 10.0.40219.1
Project("{8BC9CEB8-8B4A-11D0-8D11-00A0C91BC942}") = "tools", "tools\tools.vcxproj", "{AAABC9F3-3142-41F3-9F3E-C927A8E90021}"
EndProject
Project("{8BC9CEB8-8B4A-11D0-8D11-00A0C91BC942}") = "vorne", "vorne\vorne.vcxproj", "{E19821C6-5C82-46C3-9F81-602A413D17EC}"
EndProject
Project("{8BC9CEB8-8B4A-11D0-8D11-00A0C91BC942}") = "hinten", "hinten\hinten.vcxproj", "{5AC1F5B7-CB40-4E0A-A2A3-8ED4DBEC9376}"
EndProject
Project("{8BC9CEB8-8B4A-11D0-8D11-00A0C91BC942}") = "1_Common", "1_Common\1_Common.vcxitems", "{084870EA-CA15-4E81-B20E-34CC3B06409B}"
EndProject
Project("{8BC9CEB8-8B4A-11D0-8D11-00A0C91BC942}") = "2_Hardware", "2_Hardware\2_Hardware.vcxitems", "{4FE121DF-D8D5-406F-B19B-60AF7564C675}"
EndProject
Project("{8BC9CEB8-8B4A-11D0-8D11-00A0C91BC942}") = "3_Control", "3_Control\3_Control.vcxitems", "{1F3E0459-01D8-4F38-99CD-742725E4BDAC}"
EndProject
Project("{8BC9CEB8-8B4A-11D0-8D11-00A0C91BC942}") = "4_Vehicle", "4_Vehicle\4_Vehicle.vcxitems", "{C8CE36AE-18D2-4224-BAFE-6C24C471649A}"
EndProject
Project("{8BC9CEB8-8B4A-11D0-8D11-00A0C91BC942}") = "5_System", "5_System\5_System.vcxitems", "{EC5B9F70-EFD9-48B7-A9AC-B1CDB97029FE}"
EndProject
Project("{888888A0-9F3D-457C-B088-3A5042F75D52}") = "robot_python", "robot_python\robot_python.pyproj", "{84D45D42-8501-453C-8C1B-38881408E960}"
EndProject
Global
	GlobalSection(SolutionConfigurationPlatforms) = preSolution
		Debug|Any CPU = Debug|Any CPU
		Debug|x64 = Debug|x64
		Debug|x86 = Debug|x86
		Release|Any CPU = Release|Any CPU
		Release|x64 = Release|x64
		Release|x86 = Release|x86
	EndGlobalSection
	GlobalSection(ProjectConfigurationPlatforms) = postSolution
		{AAABC9F3-3142-41F3-9F3E-C927A8E90021}.Debug|Any CPU.ActiveCfg = Debug|x64
		{AAABC9F3-3142-41F3-9F3E-C927A8E90021}.Debug|x64.ActiveCfg = Debug|x64
		{AAABC9F3-3142-41F3-9F3E-C927A8E90021}.Debug|x64.Build.0 = Debug|x64
		{AAABC9F3-3142-41F3-9F3E-C927A8E90021}.Debug|x64.Deploy.0 = Debug|x64
		{AAABC9F3-3142-41F3-9F3E-C927A8E90021}.Debug|x86.ActiveCfg = Debug|x86
		{AAABC9F3-3142-41F3-9F3E-C927A8E90021}.Debug|x86.Build.0 = Debug|x86
		{AAABC9F3-3142-41F3-9F3E-C927A8E90021}.Debug|x86.Deploy.0 = Debug|x86
		{AAABC9F3-3142-41F3-9F3E-C927A8E90021}.Release|Any CPU.ActiveCfg = Release|x64
		{AAABC9F3-3142-41F3-9F3E-C927A8E90021}.Release|x64.ActiveCfg = Release|x64
		{AAABC9F3-3142-41F3-9F3E-C927A8E90021}.Release|x64.Build.0 = Release|x64
		{AAABC9F3-3142-41F3-9F3E-C927A8E90021}.Release|x64.Deploy.0 = Release|x64
		{AAABC9F3-3142-41F3-9F3E-C927A8E90021}.Release|x86.ActiveCfg = Release|x86
		{AAABC9F3-3142-41F3-9F3E-C927A8E90021}.Release|x86.Build.0 = Release|x86
		{AAABC9F3-3142-41F3-9F3E-C927A8E90021}.Release|x86.Deploy.0 = Release|x86
		{E19821C6-5C82-46C3-9F81-602A413D17EC}.Debug|Any CPU.ActiveCfg = Debug|x64
		{E19821C6-5C82-46C3-9F81-602A413D17EC}.Debug|Any CPU.Build.0 = Debug|x64
		{E19821C6-5C82-46C3-9F81-602A413D17EC}.Debug|Any CPU.Deploy.0 = Debug|x64
		{E19821C6-5C82-46C3-9F81-602A413D17EC}.Debug|x64.ActiveCfg = Debug|x64
		{E19821C6-5C82-46C3-9F81-602A413D17EC}.Debug|x64.Build.0 = Debug|x64
		{E19821C6-5C82-46C3-9F81-602A413D17EC}.Debug|x64.Deploy.0 = Debug|x64
		{E19821C6-5C82-46C3-9F81-602A413D17EC}.Debug|x86.ActiveCfg = Debug|x86
		{E19821C6-5C82-46C3-9F81-602A413D17EC}.Debug|x86.Build.0 = Debug|x86
		{E19821C6-5C82-46C3-9F81-602A413D17EC}.Debug|x86.Deploy.0 = Debug|x86
		{E19821C6-5C82-46C3-9F81-602A413D17EC}.Release|Any CPU.ActiveCfg = Release|x64
		{E19821C6-5C82-46C3-9F81-602A413D17EC}.Release|Any CPU.Build.0 = Release|x64
		{E19821C6-5C82-46C3-9F81-602A413D17EC}.Release|Any CPU.Deploy.0 = Release|x64
		{E19821C6-5C82-46C3-9F81-602A413D17EC}.Release|x64.ActiveCfg = Release|x64
		{E19821C6-5C82-46C3-9F81-602A413D17EC}.Release|x64.Build.0 = Release|x64
		{E19821C6-5C82-46C3-9F81-602A413D17EC}.Release|x64.Deploy.0 = Release|x64
		{E19821C6-5C82-46C3-9F81-602A413D17EC}.Release|x86.ActiveCfg = Release|x86
		{E19821C6-5C82-46C3-9F81-602A413D17EC}.Release|x86.Build.0 = Release|x86
		{E19821C6-5C82-46C3-9F81-602A413D17EC}.Release|x86.Deploy.0 = Release|x86
		{5AC1F5B7-CB40-4E0A-A2A3-8ED4DBEC9376}.Debug|Any CPU.ActiveCfg = Debug|x64
		{5AC1F5B7-CB40-4E0A-A2A3-8ED4DBEC9376}.Debug|Any CPU.Build.0 = Debug|x64
		{5AC1F5B7-CB40-4E0A-A2A3-8ED4DBEC9376}.Debug|Any CPU.Deploy.0 = Debug|x64
		{5AC1F5B7-CB40-4E0A-A2A3-8ED4DBEC9376}.Debug|x64.ActiveCfg = Debug|x64
		{5AC1F5B7-CB40-4E0A-A2A3-8ED4DBEC9376}.Debug|x64.Build.0 = Debug|x64
		{5AC1F5B7-CB40-4E0A-A2A3-8ED4DBEC9376}.Debug|x64.Deploy.0 = Debug|x64
		{5AC1F5B7-CB40-4E0A-A2A3-8ED4DBEC9376}.Debug|x86.ActiveCfg = Debug|x86
		{5AC1F5B7-CB40-4E0A-A2A3-8ED4DBEC9376}.Debug|x86.Build.0 = Debug|x86
		{5AC1F5B7-CB40-4E0A-A2A3-8ED4DBEC9376}.Debug|x86.Deploy.0 = Debug|x86
		{5AC1F5B7-CB40-4E0A-A2A3-8ED4DBEC9376}.Release|Any CPU.ActiveCfg = Release|x64
		{5AC1F5B7-CB40-4E0A-A2A3-8ED4DBEC9376}.Release|Any CPU.Build.0 = Release|x64
		{5AC1F5B7-CB40-4E0A-A2A3-8ED4DBEC9376}.Release|Any CPU.Deploy.0 = Release|x64
		{5AC1F5B7-CB40-4E0A-A2A3-8ED4DBEC9376}.Release|x64.ActiveCfg = Release|x64
		{5AC1F5B7-CB40-4E0A-A2A3-8ED4DBEC9376}.Release|x64.Build.0 = Release|x64
		{5AC1F5B7-CB40-4E0A-A2A3-8ED4DBEC9376}.Release|x64.Deploy.0 = Release|x64
		{5AC1F5B7-CB40-4E0A-A2A3-8ED4DBEC9376}.Release|x86.ActiveCfg = Release|x86
		{5AC1F5B7-CB40-4E0A-A2A3-8ED4DBEC9376}.Release|x86.Build.0 = Release|x86
		{5AC1F5B7-CB40-4E0A-A2A3-8ED4DBEC9376}.Release|x86.Deploy.0 = Release|x86
		{84D45D42-8501-453C-8C1B-38881408E960}.Debug|Any CPU.ActiveCfg = Debug|Any CPU
		{84D45D42-8501-453C-8C1B-38881408E960}.Debug|x64.ActiveCfg = Debug|Any CPU
		{84D45D42-8501-453C-8C1B-38881408E960}.Debug|x86.ActiveCfg = Debug|Any CPU
		{84D45D42-8501-453C-8C1B-38881408E960}.Release|Any CPU.ActiveCfg = Release|Any CPU
		{84D45D42-8501-453C-8C1B-38881408E960}.Release|x64.ActiveCfg = Release|Any CPU
		{84D45D42-8501-453C-8C1B-38881408E960}.Release|x86.ActiveCfg = Release|Any CPU
	EndGlobalSection
	GlobalSection(SolutionProperties) = preSolution
		HideSolutionNode = FALSE
	EndGlobalSection
	GlobalSection(ExtensibilityGlobals) = postSolution
		SolutionGuid = {AF538774-156C-4374-999E-2CC0B2C25C85}
	EndGlobalSection
	GlobalSection(SharedMSBuildProjectFiles) = preSolution
		1_Common\1_Common.vcxitems*{084870ea-ca15-4e81-b20e-34cc3b06409b}*SharedItemsImports = 9
		3_Control\3_Control.vcxitems*{1f3e0459-01d8-4f38-99cd-742725e4bdac}*SharedItemsImports = 9
		2_Hardware\2_Hardware.vcxitems*{4fe121df-d8d5-406f-b19b-60af7564c675}*SharedItemsImports = 9
		1_Common\1_Common.vcxitems*{5ac1f5b7-cb40-4e0a-a2a3-8ed4dbec9376}*SharedItemsImports = 4
		2_Hardware\2_Hardware.vcxitems*{5ac1f5b7-cb40-4e0a-a2a3-8ed4dbec9376}*SharedItemsImports = 4
		3_Control\3_Control.vcxitems*{5ac1f5b7-cb40-4e0a-a2a3-8ed4dbec9376}*SharedItemsImports = 4
		4_Vehicle\4_Vehicle.vcxitems*{5ac1f5b7-cb40-4e0a-a2a3-8ed4dbec9376}*SharedItemsImports = 4
		5_System\5_System.vcxitems*{5ac1f5b7-cb40-4e0a-a2a3-8ed4dbec9376}*SharedItemsImports = 4
		4_Vehicle\4_Vehicle.vcxitems*{c8ce36ae-18d2-4224-bafe-6c24c471649a}*SharedItemsImports = 9
		1_Common\1_Common.vcxitems*{e19821c6-5c82-46c3-9f81-602a413d17ec}*SharedItemsImports = 4
		2_Hardware\2_Hardware.vcxitems*{e19821c6-5c82-46c3-9f81-602a413d17ec}*SharedItemsImports = 4
		3_Control\3_Control.vcxitems*{e19821c6-5c82-46c3-9f81-602a413d17ec}*SharedItemsImports = 4
		4_Vehicle\4_Vehicle.vcxitems*{e19821c6-5c82-46c3-9f81-602a413d17ec}*SharedItemsImports = 4
		5_System\5_System.vcxitems*{e19821c6-5c82-46c3-9f81-602a413d17ec}*SharedItemsImports = 4
		5_System\5_System.vcxitems*{ec5b9f70-efd9-48b7-a9ac-b1cdb97029fe}*SharedItemsImports = 9
	EndGlobalSection
EndGlobal
