<?xml version="1.0" encoding="utf-8"?>
<Project ToolsVersion="4.0" xmlns="http://schemas.microsoft.com/developer/msbuild/2003">
  <ItemGroup>
    <Filter Include="Source Files">
      <UniqueIdentifier>{4FC737F1-C7A5-4376-A066-2A32D752A2FF}</UniqueIdentifier>
      <Extensions>cpp;c;cc;cxx;def;odl;idl;hpj;bat;asm;asmx</Extensions>
    </Filter>
    <Filter Include="Header Files">
      <UniqueIdentifier>{93995380-89BD-4b04-88EB-625FBE52EBFB}</UniqueIdentifier>
      <Extensions>h;hh;hpp;hxx;hm;inl;inc;xsd</Extensions>
    </Filter>
    <Filter Include="Misc Files">
      <UniqueIdentifier>{67DA6AB6-F800-4c08-8B7A-83BB121AAD01}</UniqueIdentifier>
      <Extensions>xml;json;txt;rc;ico;cur;bmp;dlg;rc2;rct;bin;rgs;gif;jpg;jpeg;jpe;resx;tiff;tif;png;wav;mfcribbon-ms</Extensions>
    </Filter>
    <Filter Include="Header Files\shared">
      <UniqueIdentifier>{93a6e028-bc51-4fdf-be87-b7fae275bdc3}</UniqueIdentifier>
    </Filter>
    <Filter Include="Header Files\hardware">
      <UniqueIdentifier>{1da878b8-0ad7-4456-b930-62fd029e3eed}</UniqueIdentifier>
    </Filter>
    <Filter Include="Source Files\shared">
      <UniqueIdentifier>{718fc77e-9ab6-4759-840c-b36db8d816d0}</UniqueIdentifier>
    </Filter>
    <Filter Include="Source Files\hardware">
      <UniqueIdentifier>{b8fdcb4b-bfee-4ad5-bae8-e24a756780bb}</UniqueIdentifier>
    </Filter>
  </ItemGroup>
  <ItemGroup>
    <None Include="src\arduino folders read me.txt">
      <Filter>Misc Files</Filter>
    </None>
  </ItemGroup>
  <ItemGroup>
    <ClCompile Include="hinten.ino" />
    <ClCompile Include="..\shared\PIRegler.cpp">
      <Filter>Source Files\shared</Filter>
    </ClCompile>
    <ClCompile Include="..\shared\Printer.cpp">
      <Filter>Source Files\shared</Filter>
    </ClCompile>
    <ClCompile Include="..\shared\Rad.cpp">
      <Filter>Source Files\shared</Filter>
    </ClCompile>
    <ClCompile Include="..\shared\SpeedWeg.cpp">
      <Filter>Source Files\shared</Filter>
    </ClCompile>
    <ClCompile Include="..\hardware\Motor.cpp">
      <Filter>Source Files\hardware</Filter>
    </ClCompile>
    <ClCompile Include="Hardware.cpp">
      <Filter>Source Files</Filter>
    </ClCompile>
  </ItemGroup>
  <ItemGroup>
    <ClInclude Include="__vm\.hinten.vsarduino.h">
      <Filter>Header Files</Filter>
    </ClInclude>
    <ClInclude Include="control_rear.h">
      <Filter>Header Files</Filter>
    </ClInclude>
    <ClInclude Include="..\shared\ControlParams.h">
      <Filter>Header Files\shared</Filter>
    </ClInclude>
    <ClInclude Include="..\shared\PIRegler.h">
      <Filter>Header Files\shared</Filter>
    </ClInclude>
    <ClInclude Include="..\shared\Printer.h">
      <Filter>Header Files\shared</Filter>
    </ClInclude>
    <ClInclude Include="..\shared\Rad.h">
      <Filter>Header Files\shared</Filter>
    </ClInclude>
    <ClInclude Include="..\shared\SpeedWeg.h">
      <Filter>Header Files\shared</Filter>
    </ClInclude>
    <ClInclude Include="..\shared\VehicleTypes.h">
      <Filter>Header Files\shared</Filter>
    </ClInclude>
    <ClInclude Include="..\hardware\Motor.h">
      <Filter>Header Files\hardware</Filter>
    </ClInclude>
    <ClInclude Include="hardware_pins.h">
      <Filter>Header Files</Filter>
    </ClInclude>
    <ClInclude Include="config.h">
      <Filter>Header Files</Filter>
    </ClInclude>
    <ClInclude Include="Hardware.h">
      <Filter>Header Files</Filter>
    </ClInclude>
  </ItemGroup>
</Project>