<?xml version="1.0" encoding="utf-8"?>
<Project ToolsVersion="12.0" xmlns="http://schemas.microsoft.com/developer/msbuild/2003">
  <ItemGroup>
    <Filter Include="Befehle">
      <UniqueIdentifier>{3a1c6f24-8b5e-4d17-9c02-5f7a1e4b8d63}</UniqueIdentifier>
    </Filter>
    <Filter Include="Telemetrie">
      <UniqueIdentifier>{7d4e2b91-6c38-4a5f-b1e7-9028c3d5f4a1}</UniqueIdentifier>
    </Filter>
    <Filter Include="Verbindung">
      <UniqueIdentifier>{b6f09e53-1d7a-42c8-8e34-a5c71b90d2ef}</UniqueIdentifier>
    </Filter>
  </ItemGroup>
  <ItemGroup>
    <ClCompile Include="$(MSBuildThisFileDirectory)src\CommandParser.cpp">
      <Filter>Befehle</Filter>
    </ClCompile>
    <ClCompile Include="$(MSBuildThisFileDirectory)src\CommandRunner.cpp">
      <Filter>Befehle</Filter>
    </ClCompile>
    <ClCompile Include="$(MSBuildThisFileDirectory)src\ConnectionMonitor.cpp">
      <Filter>Verbindung</Filter>
    </ClCompile>
    <ClCompile Include="$(MSBuildThisFileDirectory)src\FrameScheduler.cpp">
      <Filter>Verbindung</Filter>
    </ClCompile>
    <ClCompile Include="$(MSBuildThisFileDirectory)src\RadioTelemetrySender.cpp">
      <Filter>Telemetrie</Filter>
    </ClCompile>
    <ClCompile Include="$(MSBuildThisFileDirectory)src\RearFrameClient.cpp">
      <Filter>Verbindung</Filter>
    </ClCompile>
    <ClCompile Include="$(MSBuildThisFileDirectory)src\TelemetryOutput.cpp">
      <Filter>Telemetrie</Filter>
    </ClCompile>
    <ClCompile Include="$(MSBuildThisFileDirectory)src\TelemetryPrinter.cpp">
      <Filter>Telemetrie</Filter>
    </ClCompile>
  </ItemGroup>
  <ItemGroup>
    <ClInclude Include="$(MSBuildThisFileDirectory)src\CommandParser.h">
      <Filter>Befehle</Filter>
    </ClInclude>
    <ClInclude Include="$(MSBuildThisFileDirectory)src\CommandRunner.h">
      <Filter>Befehle</Filter>
    </ClInclude>
    <ClInclude Include="$(MSBuildThisFileDirectory)src\ConnectionMonitor.h">
      <Filter>Verbindung</Filter>
    </ClInclude>
    <ClInclude Include="$(MSBuildThisFileDirectory)src\FrameScheduler.h">
      <Filter>Verbindung</Filter>
    </ClInclude>
    <ClInclude Include="$(MSBuildThisFileDirectory)src\RadioTelemetrySender.h">
      <Filter>Telemetrie</Filter>
    </ClInclude>
    <ClInclude Include="$(MSBuildThisFileDirectory)src\RearFrameClient.h">
      <Filter>Verbindung</Filter>
    </ClInclude>
    <ClInclude Include="$(MSBuildThisFileDirectory)src\TelemetryOutput.h">
      <Filter>Telemetrie</Filter>
    </ClInclude>
    <ClInclude Include="$(MSBuildThisFileDirectory)src\TelemetryPrinter.h">
      <Filter>Telemetrie</Filter>
    </ClInclude>
    <ClInclude Include="$(MSBuildThisFileDirectory)src\TelemetryPrinterConfig.h">
      <Filter>Telemetrie</Filter>
    </ClInclude>
  </ItemGroup>
</Project>