<?xml version="1.0" encoding="utf-8"?>
<Project ToolsVersion="12.0" xmlns="http://schemas.microsoft.com/developer/msbuild/2003">
  <ItemGroup>
    <ClCompile Include="$(MSBuildThisFileDirectory)src\Connection\ConnectionMonitor.cpp" />
    <ClCompile Include="$(MSBuildThisFileDirectory)src\Parser\CommandParser.cpp" />
    <ClCompile Include="$(MSBuildThisFileDirectory)src\CommandRunner\CommandRunner.cpp" />
    <ClCompile Include="$(MSBuildThisFileDirectory)src\TelemetryPrinter.cpp" />
    <ClCompile Include="$(MSBuildThisFileDirectory)src\RearFrameClient.cpp" />
    <ClCompile Include="$(MSBuildThisFileDirectory)src\FrameScheduler.cpp" />
  </ItemGroup>
  <ItemGroup>
    <ClInclude Include="$(MSBuildThisFileDirectory)src\Connection\ConnectionMonitor.h" />
    <ClInclude Include="$(MSBuildThisFileDirectory)src\Parser\CommandParser.h" />
    <ClInclude Include="$(MSBuildThisFileDirectory)src\CommandRunner\CommandRunner.h" />
    <ClInclude Include="$(MSBuildThisFileDirectory)src\TelemetryPrinter.h" />
    <ClInclude Include="$(MSBuildThisFileDirectory)src\TelemetryPrinterConfig.h" />
    <ClInclude Include="$(MSBuildThisFileDirectory)src\RearFrameClient.h" />
    <ClInclude Include="$(MSBuildThisFileDirectory)src\FrameScheduler.h" />
  </ItemGroup>
</Project>