<?xml version="1.0" encoding="utf-8"?>
<Project ToolsVersion="12.0" xmlns="http://schemas.microsoft.com/developer/msbuild/2003">
  <ItemGroup>
    <Text Include="$(MSBuildThisFileDirectory)readme.txt" />
  </ItemGroup>
  <ItemGroup>
    <ClCompile Include="$(MSBuildThisFileDirectory)src\Encoder.cpp" />
    <ClCompile Include="$(MSBuildThisFileDirectory)src\Motor.cpp" />
    <ClCompile Include="$(MSBuildThisFileDirectory)src\UartLink.cpp" />
    <ClCompile Include="$(MSBuildThisFileDirectory)src\Hardware.cpp" />
  </ItemGroup>
  <ItemGroup>
    <ClInclude Include="$(MSBuildThisFileDirectory)src\Encoder.h" />
    <ClInclude Include="$(MSBuildThisFileDirectory)src\Motor.h" />
    <ClInclude Include="$(MSBuildThisFileDirectory)src\UartLink.h" />
    <ClInclude Include="$(MSBuildThisFileDirectory)src\HardwarePins.h" />
    <ClInclude Include="$(MSBuildThisFileDirectory)src\Hardware.h" />
  </ItemGroup>
</Project>